
Microsoft Visual Studio Solution File, Format Version 12.00
# Visual Studio 14
VisualStudioVersion = 14.0.23107.0
MinimumVisualStudioVersion = 10.0.40219.1
Project("{FAE04EC0-301F-11D3-BF4B-00C04F79EFBC}") = "hakanai", "hakanai\hakanai.csproj", "{C152F13F-56A3-4B24-8C16-A25DF23F81F9}"
EndProject
Project("{FAE04EC0-301F-11D3-BF4B-00C04F79EFBC}") = "hakanai.Tests", "hakanai.Tests\hakanai.Tests.csproj", "{D26C73D7-F141-4E9F-A13B-AC36EF92C343}"
EndProject
Project("{FAE04EC0-301F-11D3-BF4B-00C04F79EFBC}") = "hakanai.dal", "hakanai.dal\hakanai.dal.csproj", "{68B6F0E9-6484-4BC6-AE3C-5303E408BD05}"
EndProject
Project("{FAE04EC0-301F-11D3-BF4B-00C04F79EFBC}") = "hakanai.domain.models", "hakanai.model\hakanai.domain.models.csproj", "{D7B6315D-F2EA-49CA-9E48-9A399C0CBF6E}"
EndProject
Project("{FAE04EC0-301F-11D3-BF4B-00C04F79EFBC}") = "hakanai.services", "hakanai.services\hakanai.services.csproj", "{EBB7F423-ECFD-45DC-81C0-E301E45F7525}"
EndProject
Global
	GlobalSection(SolutionConfigurationPlatforms) = preSolution
		Debug|Any CPU = Debug|Any CPU
		Release|Any CPU = Release|Any CPU
	EndGlobalSection
	GlobalSection(ProjectConfigurationPlatforms) = postSolution
		{C152F13F-56A3-4B24-8C16-A25DF23F81F9}.Debug|Any CPU.ActiveCfg = Debug|Any CPU
		{C152F13F-56A3-4B24-8C16-A25DF23F81F9}.Debug|Any CPU.Build.0 = Debug|Any CPU
		{C152F13F-56A3-4B24-8C16-A25DF23F81F9}.Release|Any CPU.ActiveCfg = Release|Any CPU
		{C152F13F-56A3-4B24-8C16-A25DF23F81F9}.Release|Any CPU.Build.0 = Release|Any CPU
		{D26C73D7-F141-4E9F-A13B-AC36EF92C343}.Debug|Any CPU.ActiveCfg = Debug|Any CPU
		{D26C73D7-F141-4E9F-A13B-AC36EF92C343}.Debug|Any CPU.Build.0 = Debug|Any CPU
		{D26C73D7-F141-4E9F-A13B-AC36EF92C343}.Release|Any CPU.ActiveCfg = Release|Any CPU
		{D26C73D7-F141-4E9F-A13B-AC36EF92C343}.Release|Any CPU.Build.0 = Release|Any CPU
		{68B6F0E9-6484-4BC6-AE3C-5303E408BD05}.Debug|Any CPU.ActiveCfg = Debug|Any CPU
		{68B6F0E9-6484-4BC6-AE3C-5303E408BD05}.Debug|Any CPU.Build.0 = Debug|Any CPU
		{68B6F0E9-6484-4BC6-AE3C-5303E408BD05}.Release|Any CPU.ActiveCfg = Release|Any CPU
		{68B6F0E9-6484-4BC6-AE3C-5303E408BD05}.Release|Any CPU.Build.0 = Release|Any CPU
		{D7B6315D-F2EA-49CA-9E48-9A399C0CBF6E}.Debug|Any CPU.ActiveCfg = Debug|Any CPU
		{D7B6315D-F2EA-49CA-9E48-9A399C0CBF6E}.Debug|Any CPU.Build.0 = Debug|Any CPU
		{D7B6315D-F2EA-49CA-9E48-9A399C0CBF6E}.Release|Any CPU.ActiveCfg = Release|Any CPU
		{D7B6315D-F2EA-49CA-9E48-9A399C0CBF6E}.Release|Any CPU.Build.0 = Release|Any CPU
		{EBB7F423-ECFD-45DC-81C0-E301E45F7525}.Debug|Any CPU.ActiveCfg = Debug|Any CPU
		{EBB7F423-ECFD-45DC-81C0-E301E45F7525}.Debug|Any CPU.Build.0 = Debug|Any CPU
		{EBB7F423-ECFD-45DC-81C0-E301E45F7525}.Release|Any CPU.ActiveCfg = Release|Any CPU
		{EBB7F423-ECFD-45DC-81C0-E301E45F7525}.Release|Any CPU.Build.0 = Release|Any CPU
	EndGlobalSection
	GlobalSection(SolutionProperties) = preSolution
		HideSolutionNode = FALSE
	EndGlobalSection
EndGlobal
